// !$*UTF8*$!
{
	archiveVersion = 1;
	classes = {
	};
	objectVersion = 48;
	objects = {

/* Begin PBXBuildFile section */
		2E45323D1FECC9B00050FAA8 /* BullsEye.html in Resources */ = {isa = PBXBuildFile; fileRef = 2E45323C1FECC9B00050FAA8 /* BullsEye.html */; };
		2E7E6AE41FE388C80061B799 /* AppDelegate.swift in Sources */ = {isa = PBXBuildFile; fileRef = 2E7E6AE31FE388C80061B799 /* AppDelegate.swift */; };
		2E7E6AE61FE388C80061B799 /* ViewController.swift in Sources */ = {isa = PBXBuildFile; fileRef = 2E7E6AE51FE388C80061B799 /* ViewController.swift */; };
		2E7E6AE91FE388C80061B799 /* Main.storyboard in Resources */ = {isa = PBXBuildFile; fileRef = 2E7E6AE71FE388C80061B799 /* Main.storyboard */; };
		2E7E6AEB1FE388C80061B799 /* Assets.xcassets in Resources */ = {isa = PBXBuildFile; fileRef = 2E7E6AEA1FE388C80061B799 /* Assets.xcassets */; };
		2E7E6AEE1FE388C80061B799 /* LaunchScreen.storyboard in Resources */ = {isa = PBXBuildFile; fileRef = 2E7E6AEC1FE388C80061B799 /* LaunchScreen.storyboard */; };
		2E8FFEE81FEAAB8A00307AE8 /* AboutViewController.swift in Sources */ = {isa = PBXBuildFile; fileRef = 2E8FFEE71FEAAB8A00307AE8 /* AboutViewController.swift */; };
		2E8FFEEA1FEAB0EC00307AE8 /* AuthorViewController.swift in Sources */ = {isa = PBXBuildFile; fileRef = 2E8FFEE91FEAB0EC00307AE8 /* AuthorViewController.swift */; };
/* End PBXBuildFile section */

/* Begin PBXFileReference section */
		2E45323C1FECC9B00050FAA8 /* BullsEye.html */ = {isa = PBXFileReference; fileEncoding = 4; lastKnownFileType = text.html; name = BullsEye.html; path = "../../../Downloads/web-views-final/BullsEye.html"; sourceTree = "<group>"; };
		2E7E6AE01FE388C80061B799 /* BullsEye.app */ = {isa = PBXFileReference; explicitFileType = wrapper.application; includeInIndex = 0; path = BullsEye.app; sourceTree = BUILT_PRODUCTS_DIR; };
		2E7E6AE31FE388C80061B799 /* AppDelegate.swift */ = {isa = PBXFileReference; lastKnownFileType = sourcecode.swift; path = AppDelegate.swift; sourceTree = "<group>"; };
		2E7E6AE51FE388C80061B799 /* ViewController.swift */ = {isa = PBXFileReference; lastKnownFileType = sourcecode.swift; path = ViewController.swift; sourceTree = "<group>"; };
		2E7E6AE81FE388C80061B799 /* Base */ = {isa = PBXFileReference; lastKnownFileType = file.storyboard; name = Base; path = Base.lproj/Main.storyboard; sourceTree = "<group>"; };
		2E7E6AEA1FE388C80061B799 /* Assets.xcassets */ = {isa = PBXFileReference; lastKnownFileType = folder.assetcatalog; path = Assets.xcassets; sourceTree = "<group>"; };
		2E7E6AED1FE388C80061B799 /* Base */ = {isa = PBXFileReference; lastKnownFileType = file.storyboard; name = Base; path = Base.lproj/LaunchScreen.storyboard; sourceTree = "<group>"; };
		2E7E6AEF1FE388C80061B799 /* Info.plist */ = {isa = PBXFileReference; lastKnownFileType = text.plist.xml; path = Info.plist; sourceTree = "<group>"; };
		2E8FFEE71FEAAB8A00307AE8 /* AboutViewController.swift */ = {isa = PBXFileReference; lastKnownFileType = sourcecode.swift; path = AboutViewController.swift; sourceTree = "<group>"; };
		2E8FFEE91FEAB0EC00307AE8 /* AuthorViewController.swift */ = {isa = PBXFileReference; lastKnownFileType = sourcecode.swift; path = AuthorViewController.swift; sourceTree = "<group>"; };
/* End PBXFileReference section */

/* Begin PBXFrameworksBuildPhase section */
		2E7E6ADD1FE388C80061B799 /* Frameworks */ = {
			isa = PBXFrameworksBuildPhase;
			buildActionMask = 2147483647;
			files = (
			);
			runOnlyForDeploymentPostprocessing = 0;
		};
/* End PBXFrameworksBuildPhase section */

/* Begin PBXGroup section */
		2E7E6AD71FE388C80061B799 = {
			isa = PBXGroup;
			children = (
				2E7E6AE21FE388C80061B799 /* BullsEye */,
				2E7E6AE11FE388C80061B799 /* Products */,
			);
			sourceTree = "<group>";
		};
		2E7E6AE11FE388C80061B799 /* Products */ = {
			isa = PBXGroup;
			children = (
				2E7E6AE01FE388C80061B799 /* BullsEye.app */,
			);
			name = Products;
			sourceTree = "<group>";
		};
		2E7E6AE21FE388C80061B799 /* BullsEye */ = {
			isa = PBXGroup;
			children = (
				2E45323C1FECC9B00050FAA8 /* BullsEye.html */,
				2E7E6AE31FE388C80061B799 /* AppDelegate.swift */,
				2E7E6AE51FE388C80061B799 /* ViewController.swift */,
				2E7E6AE71FE388C80061B799 /* Main.storyboard */,
				2E8FFEE91FEAB0EC00307AE8 /* AuthorViewController.swift */,
				2E8FFEE71FEAAB8A00307AE8 /* AboutViewController.swift */,
				2E7E6AEA1FE388C80061B799 /* Assets.xcassets */,
				2E7E6AEC1FE388C80061B799 /* LaunchScreen.storyboard */,
				2E7E6AEF1FE388C80061B799 /* Info.plist */,
			);
			path = BullsEye;
			sourceTree = "<group>";
		};
/* End PBXGroup section */

/* Begin PBXNativeTarget section */
		2E7E6ADF1FE388C80061B799 /* BullsEye */ = {
			isa = PBXNativeTarget;
			buildConfigurationList = 2E7E6AF21FE388C80061B799 /* Build configuration list for PBXNativeTarget "BullsEye" */;
			buildPhases = (
				2E7E6ADC1FE388C80061B799 /* Sources */,
				2E7E6ADD1FE388C80061B799 /* Frameworks */,
				2E7E6ADE1FE388C80061B799 /* Resources */,
			);
			buildRules = (
			);
			dependencies = (
			);
			name = BullsEye;
			productName = BullsEye;
			productReference = 2E7E6AE01FE388C80061B799 /* BullsEye.app */;
			productType = "com.apple.product-type.application";
		};
/* End PBXNativeTarget section */

/* Begin PBXProject section */
		2E7E6AD81FE388C80061B799 /* Project object */ = {
			isa = PBXProject;
			attributes = {
				LastSwiftUpdateCheck = 0920;
				LastUpgradeCheck = 0920;
				ORGANIZATIONNAME = "Tuyetanh Vu";
				TargetAttributes = {
					2E7E6ADF1FE388C80061B799 = {
						CreatedOnToolsVersion = 9.2;
						ProvisioningStyle = Automatic;
					};
				};
			};
			buildConfigurationList = 2E7E6ADB1FE388C80061B799 /* Build configuration list for PBXProject "BullsEye" */;
			compatibilityVersion = "Xcode 8.0";
			developmentRegion = en;
			hasScannedForEncodings = 0;
			knownRegions = (
				en,
				Base,
			);
			mainGroup = 2E7E6AD71FE388C80061B799;
			productRefGroup = 2E7E6AE11FE388C80061B799 /* Products */;
			projectDirPath = "";
			projectRoot = "";
			targets = (
				2E7E6ADF1FE388C80061B799 /* BullsEye */,
			);
		};
/* End PBXProject section */

/* Begin PBXResourcesBuildPhase section */
		2E7E6ADE1FE388C80061B799 /* Resources */ = {
			isa = PBXResourcesBuildPhase;
			buildActionMask = 2147483647;
			files = (
				2E7E6AEE1FE388C80061B799 /* LaunchScreen.storyboard in Resources */,
				2E45323D1FECC9B00050FAA8 /* BullsEye.html in Resources */,
				2E7E6AEB1FE388C80061B799 /* Assets.xcassets in Resources */,
				2E7E6AE91FE388C80061B799 /* Main.storyboard in Resources */,
			);
			runOnlyForDeploymentPostprocessing = 0;
		};
/* End PBXResourcesBuildPhase section */

/* Begin PBXSourcesBuildPhase section */
		2E7E6ADC1FE388C80061B799 /* Sources */ = {
			isa = PBXSourcesBuildPhase;
			buildActionMask = 2147483647;
			files = (
				2E8FFEE81FEAAB8A00307AE8 /* AboutViewController.swift in Sources */,
				2E7E6AE61FE388C80061B799 /* ViewController.swift in Sources */,
				2E7E6AE41FE388C80061B799 /* AppDelegate.swift in Sources */,
				2E8FFEEA1FEAB0EC00307AE8 /* AuthorViewController.swift in Sources */,
			);
			runOnlyForDeploymentPostprocessing = 0;
		};
/* End PBXSourcesBuildPhase section */

/* Begin PBXVariantGroup section */
		2E7E6AE71FE388C80061B799 /* Main.storyboard */ = {
			isa = PBXVariantGroup;
			children = (
				2E7E6AE81FE388C80061B799 /* Base */,
			);
			name = Main.storyboard;
			sourceTree = "<group>";
		};
		2E7E6AEC1FE388C80061B799 /* LaunchScreen.storyboard */ = {
			isa = PBXVariantGroup;
			children = (
				2E7E6AED1FE388C80061B799 /* Base */,
			);
			name = LaunchScreen.storyboard;
			sourceTree = "<group>";
		};
/* End PBXVariantGroup section */

/* Begin XCBuildConfiguration section */
		2E7E6AF01FE388C80061B799 /* Debug */ = {
			isa = XCBuildConfiguration;
			buildSettings = {
				ALWAYS_SEARCH_USER_PATHS = NO;
				CLANG_ANALYZER_NONNULL = YES;
				CLANG_ANALYZER_NUMBER_OBJECT_CONVERSION = YES_AGGRESSIVE;
				CLANG_CXX_LANGUAGE_STANDARD = "gnu++14";
				CLANG_CXX_LIBRARY = "libc++";
				CLANG_ENABLE_MODULES = YES;
				CLANG_ENABLE_OBJC_ARC = YES;
				CLANG_WARN_BLOCK_CAPTURE_AUTORELEASING = YES;
				CLANG_WARN_BOOL_CONVERSION = YES;
				CLANG_WARN_COMMA = YES;
				CLANG_WARN_CONSTANT_CONVERSION = YES;
				CLANG_WARN_DIRECT_OBJC_ISA_USAGE = YES_ERROR;
				CLANG_WARN_DOCUMENTATION_COMMENTS = YES;
				CLANG_WARN_EMPTY_BODY = YES;
				CLANG_WARN_ENUM_CONVERSION = YES;
				CLANG_WARN_INFINITE_RECURSION = YES;
				CLANG_WARN_INT_CONVERSION = YES;
				CLANG_WARN_NON_LITERAL_NULL_CONVERSION = YES;
				CLANG_WARN_OBJC_LITERAL_CONVERSION = YES;
				CLANG_WARN_OBJC_ROOT_CLASS = YES_ERROR;
				CLANG_WARN_RANGE_LOOP_ANALYSIS = YES;
				CLANG_WARN_STRICT_PROTOTYPES = YES;
				CLANG_WARN_SUSPICIOUS_MOVE = YES;
				CLANG_WARN_UNGUARDED_AVAILABILITY = YES_AGGRESSIVE;
				CLANG_WARN_UNREACHABLE_CODE = YES;
				CLANG_WARN__DUPLICATE_METHOD_MATCH = YES;
				CODE_SIGN_IDENTITY = "iPhone Developer";
				COPY_PHASE_STRIP = NO;
				DEBUG_INFORMATION_FORMAT = dwarf;
				ENABLE_STRICT_OBJC_MSGSEND = YES;
				ENABLE_TESTABILITY = YES;
				GCC_C_LANGUAGE_STANDARD = gnu11;
				GCC_DYNAMIC_NO_PIC = NO;
				GCC_NO_COMMON_BLOCKS = YES;
				GCC_OPTIMIZATION_LEVEL = 0;
				GCC_PREPROCESSOR_DEFINITIONS = (
					"DEBUG=1",
					"$(inherited)",
				);
				GCC_WARN_64_TO_32_BIT_CONVERSION = YES;
				GCC_WARN_ABOUT_RETURN_TYPE = YES_ERROR;
				GCC_WARN_UNDECLARED_SELECTOR = YES;
				GCC_WARN_UNINITIALIZED_AUTOS = YES_AGGRESSIVE;
				GCC_WARN_UNUSED_FUNCTION = YES;
				GCC_WARN_UNUSED_VARIABLE = YES;
				IPHONEOS_DEPLOYMENT_TARGET = 11.2;
				MTL_ENABLE_DEBUG_INFO = YES;
				ONLY_ACTIVE_ARCH = YES;
				SDKROOT = iphoneos;
				SWIFT_ACTIVE_COMPILATION_CONDITIONS = DEBUG;
				SWIFT_OPTIMIZATION_LEVEL = "-Onone";
			};
			name = Debug;
		};
		2E7E6AF11FE388C80061B799 /* Release */ = {
			isa = XCBuildConfiguration;
			buildSettings = {
				ALWAYS_SEARCH_USER_PATHS = NO;
				CLANG_ANALYZER_NONNULL = YES;
				CLANG_ANALYZER_NUMBER_OBJECT_CONVERSION = YES_AGGRESSIVE;
				CLANG_CXX_LANGUAGE_STANDARD = "gnu++14";
				CLANG_CXX_LIBRARY = "libc++";
				CLANG_ENABLE_MODULES = YES;
				CLANG_ENABLE_OBJC_ARC = YES;
				CLANG_WARN_BLOCK_CAPTURE_AUTORELEASING = YES;
				CLANG_WARN_BOOL_CONVERSION = YES;
				CLANG_WARN_COMMA = YES;
				CLANG_WARN_CONSTANT_CONVERSION = YES;
				CLANG_WARN_DIRECT_OBJC_ISA_USAGE = YES_ERROR;
				CLANG_WARN_DOCUMENTATION_COMMENTS = YES;
				CLANG_WARN_EMPTY_BODY = YES;
				CLANG_WARN_ENUM_CONVERSION = YES;
				CLANG_WARN_INFINITE_RECURSION = YES;
				CLANG_WARN_INT_CONVERSION = YES;
				CLANG_WARN_NON_LITERAL_NULL_CONVERSION = YES;
				CLANG_WARN_OBJC_LITERAL_CONVERSION = YES;
				CLANG_WARN_OBJC_ROOT_CLASS = YES_ERROR;
				CLANG_WARN_RANGE_LOOP_ANALYSIS = YES;
				CLANG_WARN_STRICT_PROTOTYPES = YES;
				CLANG_WARN_SUSPICIOUS_MOVE = YES;
				CLANG_WARN_UNGUARDED_AVAILABILITY = YES_AGGRESSIVE;
				CLANG_WARN_UNREACHABLE_CODE = YES;
				CLANG_WARN__DUPLICATE_METHOD_MATCH = YES;
				CODE_SIGN_IDENTITY = "iPhone Developer";
				COPY_PHASE_STRIP = NO;
				DEBUG_INFORMATION_FORMAT = "dwarf-with-dsym";
				ENABLE_NS_ASSERTIONS = NO;
				ENABLE_STRICT_OBJC_MSGSEND = YES;
				GCC_C_LANGUAGE_STANDARD = gnu11;
				GCC_NO_COMMON_BLOCKS = YES;
				GCC_WARN_64_TO_32_BIT_CONVERSION = YES;
				GCC_WARN_ABOUT_RETURN_TYPE = YES_ERROR;
				GCC_WARN_UNDECLARED_SELECTOR = YES;
				GCC_WARN_UNINITIALIZED_AUTOS = YES_AGGRESSIVE;
				GCC_WARN_UNUSED_FUNCTION = YES;
				GCC_WARN_UNUSED_VARIABLE = YES;
				IPHONEOS_DEPLOYMENT_TARGET = 11.2;
				MTL_ENABLE_DEBUG_INFO = NO;
				SDKROOT = iphoneos;
				SWIFT_OPTIMIZATION_LEVEL = "-Owholemodule";
				VALIDATE_PRODUCT = YES;
			};
			name = Release;
		};
		2E7E6AF31FE388C80061B799 /* Debug */ = {
			isa = XCBuildConfiguration;
			buildSettings = {
				ASSETCATALOG_COMPILER_APPICON_NAME = AppIcon;
				"CODE_SIGN_IDENTITY[sdk=iphoneos*]" = "iPhone Developer";
				CODE_SIGN_STYLE = Automatic;
				DEVELOPMENT_TEAM = WEMBVZE5VP;
				INFOPLIST_FILE = BullsEye/Info.plist;
				LD_RUNPATH_SEARCH_PATHS = "$(inherited) @executable_path/Frameworks";
				PRODUCT_BUNDLE_IDENTIFIER = com.vutuyetanh.BullsEye2000;
				PRODUCT_NAME = "$(TARGET_NAME)";
				PROVISIONING_PROFILE_SPECIFIER = "";
				SWIFT_VERSION = 4.0;
				TARGETED_DEVICE_FAMILY = "1,2";
			};
			name = Debug;
		};
		2E7E6AF41FE388C80061B799 /* Release */ = {
			isa = XCBuildConfiguration;
			buildSettings = {
				ASSETCATALOG_COMPILER_APPICON_NAME = AppIcon;
				"CODE_SIGN_IDENTITY[sdk=iphoneos*]" = "iPhone Developer";
				CODE_SIGN_STYLE = Automatic;
				DEVELOPMENT_TEAM = WEMBVZE5VP;
				INFOPLIST_FILE = BullsEye/Info.plist;
				LD_RUNPATH_SEARCH_PATHS = "$(inherited) @executable_path/Frameworks";
				PRODUCT_BUNDLE_IDENTIFIER = com.vutuyetanh.BullsEye2000;
				PRODUCT_NAME = "$(TARGET_NAME)";
				PROVISIONING_PROFILE_SPECIFIER = "";
				SWIFT_VERSION = 4.0;
				TARGETED_DEVICE_FAMILY = "1,2";
			};
			name = Release;
		};
/* End XCBuildConfiguration section */

/* Begin XCConfigurationList section */
		2E7E6ADB1FE388C80061B799 /* Build configuration list for PBXProject "BullsEye" */ = {
			isa = XCConfigurationList;
			buildConfigurations = (
				2E7E6AF01FE388C80061B799 /* Debug */,
				2E7E6AF11FE388C80061B799 /* Release */,
			);
			defaultConfigurationIsVisible = 0;
			defaultConfigurationName = Release;
		};
		2E7E6AF21FE388C80061B799 /* Build configuration list for PBXNativeTarget "BullsEye" */ = {
			isa = XCConfigurationList;
			buildConfigurations = (
				2E7E6AF31FE388C80061B799 /* Debug */,
				2E7E6AF41FE388C80061B799 /* Release */,
			);
			defaultConfigurationIsVisible = 0;
			defaultConfigurationName = Release;
		};
/* End XCConfigurationList section */
	};
	rootObject = 2E7E6AD81FE388C80061B799 /* Project object */;
}
